
Microsoft Visual Studio Solution File, Format Version 12.00
Project("{FAE04EC0-301F-11D3-BF4B-00C04F79EFBC}") = "LeetCode.Array", "LeetCode.Array\LeetCode.Array.csproj", "{79979B21-1075-49F2-BF1E-42185F6D6D29}"
EndProject
Global
	GlobalSection(SolutionConfigurationPlatforms) = preSolution
		Debug|Any CPU = Debug|Any CPU
		Release|Any CPU = Release|Any CPU
	EndGlobalSection
	GlobalSection(ProjectConfigurationPlatforms) = postSolution
		{79979B21-1075-49F2-BF1E-42185F6D6D29}.Debug|Any CPU.ActiveCfg = Debug|Any CPU
		{79979B21-1075-49F2-BF1E-42185F6D6D29}.Debug|Any CPU.Build.0 = Debug|Any CPU
		{79979B21-1075-49F2-BF1E-42185F6D6D29}.Release|Any CPU.ActiveCfg = Release|Any CPU
		{79979B21-1075-49F2-BF1E-42185F6D6D29}.Release|Any CPU.Build.0 = Release|Any CPU
	EndGlobalSection
EndGlobal
